
Microsoft Visual Studio Solution File, Format Version 12.00
# Visual Studio Version 17
VisualStudioVersion = 17.4.33213.308
MinimumVisualStudioVersion = 10.0.40219.1
Project("{FAE04EC0-301F-11D3-BF4B-00C04F79EFBC}") = "krestiki_noliki", "krestiki_noliki\krestiki_noliki.csproj", "{F182BF55-A944-4A73-9166-F337F4B3AA3F}"
EndProject
Global
	GlobalSection(SolutionConfigurationPlatforms) = preSolution
		Debug|Any CPU = Debug|Any CPU
		Release|Any CPU = Release|Any CPU
	EndGlobalSection
	GlobalSection(ProjectConfigurationPlatforms) = postSolution
		{F182BF55-A944-4A73-9166-F337F4B3AA3F}.Debug|Any CPU.ActiveCfg = Debug|Any CPU
		{F182BF55-A944-4A73-9166-F337F4B3AA3F}.Debug|Any CPU.Build.0 = Debug|Any CPU
		{F182BF55-A944-4A73-9166-F337F4B3AA3F}.Release|Any CPU.ActiveCfg = Release|Any CPU
		{F182BF55-A944-4A73-9166-F337F4B3AA3F}.Release|Any CPU.Build.0 = Release|Any CPU
	EndGlobalSection
	GlobalSection(SolutionProperties) = preSolution
		HideSolutionNode = FALSE
	EndGlobalSection
	GlobalSection(ExtensibilityGlobals) = postSolution
		SolutionGuid = {22D71F74-0919-4E0F-A410-D148535AA1C2}
	EndGlobalSection
EndGlobal
